<?xml version="1.0" encoding="utf-8"?>
<Project ToolsVersion="4.0" xmlns="http://schemas.microsoft.com/developer/msbuild/2003">
  <ItemGroup>
    <Filter Include="源文件">
      <UniqueIdentifier>{4FC737F1-C7A5-4376-A066-2A32D752A2FF}</UniqueIdentifier>
      <Extensions>cpp;c;cc;cxx;def;odl;idl;hpj;bat;asm;asmx</Extensions>
    </Filter>
    <Filter Include="头文件">
      <UniqueIdentifier>{93995380-89BD-4b04-88EB-625FBE52EBFB}</UniqueIdentifier>
      <Extensions>h;hh;hpp;hxx;hm;inl;inc;ipp;xsd</Extensions>
    </Filter>
    <Filter Include="资源文件">
      <UniqueIdentifier>{67DA6AB6-F800-4c08-8B7A-83BB121AAD01}</UniqueIdentifier>
      <Extensions>rc;ico;cur;bmp;dlg;rc2;rct;bin;rgs;gif;jpg;jpeg;jpe;resx;tiff;tif;png;wav;mfcribbon-ms</Extensions>
    </Filter>
    <Filter Include="源文件\sword_refer_to_offer">
      <UniqueIdentifier>{9c28bd11-36ef-479d-a3bf-74de045ed44e}</UniqueIdentifier>
    </Filter>
    <Filter Include="源文件\sword_refer_to_offer\simple">
      <UniqueIdentifier>{f9e3ce38-2c7a-4e40-ab4f-11551faf71eb}</UniqueIdentifier>
    </Filter>
    <Filter Include="源文件\sword_refer_to_offer\middle">
      <UniqueIdentifier>{a35cf1a4-fa75-480b-937a-97a71b1dee20}</UniqueIdentifier>
    </Filter>
    <Filter Include="源文件\telcent">
      <UniqueIdentifier>{abb4f9dd-d21e-4ab6-8fc9-0c06c8103179}</UniqueIdentifier>
    </Filter>
    <Filter Include="源文件\telcent\difficult">
      <UniqueIdentifier>{6b66ca75-9dec-4c75-8f3d-058addc71604}</UniqueIdentifier>
    </Filter>
    <Filter Include="源文件\telcent\middle">
      <UniqueIdentifier>{f4a3f43b-cdac-4414-9b91-a468925db23b}</UniqueIdentifier>
    </Filter>
    <Filter Include="源文件\telcent\simple">
      <UniqueIdentifier>{1c1d0cce-fa21-470c-a5f0-cc15a3775c06}</UniqueIdentifier>
    </Filter>
    <Filter Include="源文件\TOP150">
      <UniqueIdentifier>{39d34482-91ca-46a6-a5f3-1a4e40996287}</UniqueIdentifier>
    </Filter>
    <Filter Include="源文件\TOP150\simple">
      <UniqueIdentifier>{1517c103-68df-416e-822a-274ebc9c666e}</UniqueIdentifier>
    </Filter>
    <Filter Include="源文件\TOP150\middle">
      <UniqueIdentifier>{2b4bd306-b61a-44d8-809b-ee7834b6f047}</UniqueIdentifier>
    </Filter>
    <Filter Include="源文件\TOP150\difficult">
      <UniqueIdentifier>{2f145420-742a-4afc-80a9-2109d8665350}</UniqueIdentifier>
    </Filter>
  </ItemGroup>
  <ItemGroup>
    <ClCompile Include="mian.cpp">
      <Filter>源文件</Filter>
    </ClCompile>
    <ClCompile Include="CQueue.cpp">
      <Filter>源文件\sword_refer_to_offer\simple</Filter>
    </ClCompile>
    <ClCompile Include="MinStack.cpp">
      <Filter>源文件\sword_refer_to_offer\simple</Filter>
    </ClCompile>
    <ClCompile Include="reverseLink.cpp">
      <Filter>源文件\sword_refer_to_offer\simple</Filter>
    </ClCompile>
    <ClCompile Include="tail_end_link.cpp">
      <Filter>源文件\sword_refer_to_offer\simple</Filter>
    </ClCompile>
    <ClCompile Include="randonLinkCopy.cpp">
      <Filter>源文件\sword_refer_to_offer\middle</Filter>
    </ClCompile>
    <ClCompile Include="SpaceTo20.cpp">
      <Filter>源文件\sword_refer_to_offer\simple</Filter>
    </ClCompile>
    <ClCompile Include="FrontToEnd.cpp">
      <Filter>源文件\sword_refer_to_offer\simple</Filter>
    </ClCompile>
    <ClCompile Include="MiddleNumber.cpp">
      <Filter>源文件\telcent\difficult</Filter>
    </ClCompile>
    <ClCompile Include="HuiWen.cpp">
      <Filter>源文件\telcent\middle</Filter>
    </ClCompile>
    <ClCompile Include="ReverseInt.cpp">
      <Filter>源文件\telcent\middle</Filter>
    </ClCompile>
    <ClCompile Include="StringToInt.cpp">
      <Filter>源文件\telcent\middle</Filter>
    </ClCompile>
    <ClCompile Include="PalindromeNumber.cpp">
      <Filter>源文件\telcent\simple</Filter>
    </ClCompile>
    <ClCompile Include="MaxWaterBottle.cpp">
      <Filter>源文件\telcent\middle</Filter>
    </ClCompile>
    <ClCompile Include="MaxLongCommonPre.cpp">
      <Filter>源文件\telcent\simple</Filter>
    </ClCompile>
    <ClCompile Include="repeatNumber.cpp">
      <Filter>源文件\sword_refer_to_offer\simple</Filter>
    </ClCompile>
    <ClCompile Include="numberTimes.cpp">
      <Filter>源文件\sword_refer_to_offer\simple</Filter>
    </ClCompile>
    <ClCompile Include="MissingNumber.cpp">
      <Filter>源文件\sword_refer_to_offer\simple</Filter>
    </ClCompile>
    <ClCompile Include="ThreeSum.cpp">
      <Filter>源文件\telcent\middle</Filter>
    </ClCompile>
    <ClCompile Include="ThreeSumCloset.cpp">
      <Filter>源文件\telcent\middle</Filter>
    </ClCompile>
    <ClCompile Include="EffectiveParenthesis.cpp">
      <Filter>源文件\telcent\simple</Filter>
    </ClCompile>
    <ClCompile Include="OrderedLink.cpp">
      <Filter>源文件\telcent\simple</Filter>
    </ClCompile>
    <ClCompile Include="RemoveRepeatNumber.cpp">
      <Filter>源文件\telcent\simple</Filter>
    </ClCompile>
    <ClCompile Include="FindNumberIn2DArray.cpp">
      <Filter>源文件\sword_refer_to_offer\middle</Filter>
    </ClCompile>
    <ClCompile Include="MinRotateArrayNumber.cpp">
      <Filter>源文件\sword_refer_to_offer\simple</Filter>
    </ClCompile>
    <ClCompile Include="FirstUniqueChar.cpp">
      <Filter>源文件\sword_refer_to_offer\simple</Filter>
    </ClCompile>
    <ClCompile Include="SearchRotateArray.cpp">
      <Filter>源文件\telcent\middle</Filter>
    </ClCompile>
    <ClCompile Include="MultipyString.cpp">
      <Filter>源文件\telcent\middle</Filter>
    </ClCompile>
    <ClCompile Include="MergetKLink.cpp">
      <Filter>源文件\telcent\difficult</Filter>
    </ClCompile>
    <ClCompile Include="UpDownTree.cpp">
      <Filter>源文件\sword_refer_to_offer\middle</Filter>
    </ClCompile>
    <ClCompile Include="UpDownTree_Two.cpp">
      <Filter>源文件\sword_refer_to_offer\middle</Filter>
    </ClCompile>
    <ClCompile Include="UpDownTree_Three.cpp">
      <Filter>源文件\sword_refer_to_offer\middle</Filter>
    </ClCompile>
    <ClCompile Include="Permute.cpp">
      <Filter>源文件\telcent\middle</Filter>
    </ClCompile>
    <ClCompile Include="spiralOrder.cpp">
      <Filter>源文件\telcent\middle</Filter>
    </ClCompile>
    <ClCompile Include="generateSpiralMatrix.cpp">
      <Filter>源文件\telcent\middle</Filter>
    </ClCompile>
    <ClCompile Include="SubTree.cpp">
      <Filter>源文件\sword_refer_to_offer\simple</Filter>
    </ClCompile>
    <ClCompile Include="MirrorTree.cpp">
      <Filter>源文件\sword_refer_to_offer\simple</Filter>
    </ClCompile>
    <ClCompile Include="SymmetricTree.cpp">
      <Filter>源文件\sword_refer_to_offer\simple</Filter>
    </ClCompile>
    <ClCompile Include="RotateLink.cpp">
      <Filter>源文件\telcent\middle</Filter>
    </ClCompile>
    <ClCompile Include="MaxPath.cpp">
      <Filter>源文件\telcent\middle</Filter>
    </ClCompile>
    <ClCompile Include="SubSets.cpp">
      <Filter>源文件\telcent\middle</Filter>
    </ClCompile>
    <ClCompile Include="Fibonacci.cpp">
      <Filter>源文件\sword_refer_to_offer\simple</Filter>
    </ClCompile>
    <ClCompile Include="FrogFloor.cpp">
      <Filter>源文件\sword_refer_to_offer\simple</Filter>
    </ClCompile>
    <ClCompile Include="MaxProfit.cpp">
      <Filter>源文件\sword_refer_to_offer\middle</Filter>
    </ClCompile>
    <ClCompile Include="MergeTwoVector.cpp">
      <Filter>源文件\telcent\simple</Filter>
    </ClCompile>
    <ClCompile Include="MaxTreeDepth.cpp">
      <Filter>源文件\telcent\simple</Filter>
    </ClCompile>
    <ClCompile Include="GrayCode.cpp">
      <Filter>源文件\telcent\middle</Filter>
    </ClCompile>
    <ClCompile Include="MaxProfitTwo.cpp">
      <Filter>源文件\telcent\middle</Filter>
    </ClCompile>
    <ClCompile Include="MaxPathSum.cpp">
      <Filter>源文件\telcent\difficult</Filter>
    </ClCompile>
    <ClCompile Include="MaxSubArray.cpp">
      <Filter>源文件\sword_refer_to_offer\simple</Filter>
    </ClCompile>
    <ClCompile Include="MaxValue.cpp">
      <Filter>源文件\sword_refer_to_offer\middle</Filter>
    </ClCompile>
    <ClCompile Include="SingleNumber.cpp">
      <Filter>源文件\telcent\simple</Filter>
    </ClCompile>
    <ClCompile Include="CycleLink.cpp">
      <Filter>源文件\telcent\simple</Filter>
    </ClCompile>
    <ClCompile Include="DetectCycleLink.cpp">
      <Filter>源文件\telcent\middle</Filter>
    </ClCompile>
    <ClCompile Include="LRUCache.cpp">
      <Filter>源文件\telcent\middle</Filter>
    </ClCompile>
    <ClCompile Include="SortLink.cpp">
      <Filter>源文件\telcent\middle</Filter>
    </ClCompile>
    <ClCompile Include="TelMinStack.cpp">
      <Filter>源文件\telcent\simple</Filter>
    </ClCompile>
    <ClCompile Include="TranslateNumber.cpp">
      <Filter>源文件\sword_refer_to_offer\middle</Filter>
    </ClCompile>
    <ClCompile Include="LengthOfLongestSubStr.cpp">
      <Filter>源文件\sword_refer_to_offer\middle</Filter>
    </ClCompile>
    <ClCompile Include="IntersectionNode.cpp">
      <Filter>源文件\telcent\simple</Filter>
    </ClCompile>
    <ClCompile Include="MajorityElement.cpp">
      <Filter>源文件\telcent\simple</Filter>
    </ClCompile>
    <ClCompile Include="RevertLink.cpp">
      <Filter>源文件\telcent\simple</Filter>
    </ClCompile>
    <ClCompile Include="KBiggest.cpp">
      <Filter>源文件\telcent\middle</Filter>
    </ClCompile>
    <ClCompile Include="ContainDuplicate.cpp">
      <Filter>源文件\telcent\simple</Filter>
    </ClCompile>
    <ClCompile Include="TreeKSmall.cpp">
      <Filter>源文件\telcent\middle</Filter>
    </ClCompile>
    <ClCompile Include="DeleteNode.cpp">
      <Filter>源文件\sword_refer_to_offer\simple</Filter>
    </ClCompile>
    <ClCompile Include="kNodeFromENd.cpp">
      <Filter>源文件\sword_refer_to_offer\simple</Filter>
    </ClCompile>
    <ClCompile Include="PowerOfTwo.cpp">
      <Filter>源文件\telcent\simple</Filter>
    </ClCompile>
    <ClCompile Include="CommonAncestor.cpp">
      <Filter>源文件\telcent\simple</Filter>
    </ClCompile>
    <ClCompile Include="DeleteLinkNode.cpp">
      <Filter>源文件\telcent\simple</Filter>
    </ClCompile>
    <ClCompile Include="ReverseChar.cpp">
      <Filter>源文件\telcent\simple</Filter>
    </ClCompile>
    <ClCompile Include="ReverseWords.cpp">
      <Filter>源文件\telcent\simple</Filter>
    </ClCompile>
    <ClCompile Include="MulExceptSelf.cpp">
      <Filter>源文件\telcent\middle</Filter>
    </ClCompile>
    <ClCompile Include="LowestCommonAncestor.cpp">
      <Filter>源文件\telcent\middle</Filter>
    </ClCompile>
    <ClCompile Include="MergeTwoLink.cpp">
      <Filter>源文件\sword_refer_to_offer\simple</Filter>
    </ClCompile>
    <ClCompile Include="CommonLinkNode.cpp">
      <Filter>源文件\sword_refer_to_offer\simple</Filter>
    </ClCompile>
    <ClCompile Include="TwoSum.cpp">
      <Filter>源文件\TOP150\simple</Filter>
    </ClCompile>
    <ClCompile Include="NoRepeatLongestStr.cpp">
      <Filter>源文件\TOP150\middle</Filter>
    </ClCompile>
    <ClCompile Include="MatchPattern.cpp">
      <Filter>源文件\TOP150\difficult</Filter>
    </ClCompile>
    <ClCompile Include="ExchangeOddEven.cpp">
      <Filter>源文件\sword_refer_to_offer\simple</Filter>
    </ClCompile>
    <ClCompile Include="TwoSum40.cpp">
      <Filter>源文件\sword_refer_to_offer\simple</Filter>
    </ClCompile>
    <ClCompile Include="ReverseWordsTwo.cpp">
      <Filter>源文件\sword_refer_to_offer\simple</Filter>
    </ClCompile>
    <ClCompile Include="BoardWord.cpp">
      <Filter>源文件\sword_refer_to_offer\middle</Filter>
    </ClCompile>
    <ClCompile Include="MovingCount.cpp">
      <Filter>源文件\sword_refer_to_offer\middle</Filter>
    </ClCompile>
    <ClCompile Include="TreePathSum.cpp">
      <Filter>源文件\sword_refer_to_offer\middle</Filter>
    </ClCompile>
    <ClCompile Include="TreeToLink.cpp">
      <Filter>源文件\sword_refer_to_offer\middle</Filter>
    </ClCompile>
    <ClCompile Include="KLarggest.cpp">
      <Filter>源文件\sword_refer_to_offer\middle</Filter>
    </ClCompile>
    <ClCompile Include="RomanToInt.cpp">
      <Filter>源文件\TOP150\simple</Filter>
    </ClCompile>
    <ClCompile Include="ListToMinNumber.cpp">
      <Filter>源文件\sword_refer_to_offer\middle</Filter>
    </ClCompile>
    <ClCompile Include="IsStraight.cpp">
      <Filter>源文件\sword_refer_to_offer\simple</Filter>
    </ClCompile>
    <ClCompile Include="PhoneNumberCombine.cpp">
      <Filter>源文件\TOP150\middle</Filter>
    </ClCompile>
    <ClCompile Include="RemoveNFromEnd.cpp">
      <Filter>源文件\TOP150\middle</Filter>
    </ClCompile>
    <ClCompile Include="generateParenthesis.cpp">
      <Filter>源文件\TOP150\middle</Filter>
    </ClCompile>
    <ClCompile Include="MergeKLink.cpp">
      <Filter>源文件\TOP150\difficult</Filter>
    </ClCompile>
    <ClCompile Include="StrStr.cpp">
      <Filter>源文件\TOP150\simple</Filter>
    </ClCompile>
    <ClCompile Include="DiviDeWithoutSignal.cpp">
      <Filter>源文件\TOP150\middle</Filter>
    </ClCompile>
    <ClCompile Include="LeastKNumbers.cpp">
      <Filter>源文件\TOP150\simple</Filter>
    </ClCompile>
    <ClCompile Include="MedianFinder.cpp">
      <Filter>源文件\TOP150\difficult</Filter>
    </ClCompile>
    <ClCompile Include="SearchRange.cpp">
      <Filter>源文件\TOP150\middle</Filter>
    </ClCompile>
    <ClCompile Include="ValidSudoku.cpp">
      <Filter>源文件\TOP150\middle</Filter>
    </ClCompile>
    <ClCompile Include="CountAndSay.cpp">
      <Filter>源文件\TOP150\middle</Filter>
    </ClCompile>
    <ClCompile Include="IsMatch.cpp">
      <Filter>源文件\TOP150\difficult</Filter>
    </ClCompile>
    <ClCompile Include="PlusOne.cpp">
      <Filter>源文件\TOP150\simple</Filter>
    </ClCompile>
    <ClCompile Include="MySqrt.cpp">
      <Filter>源文件\TOP150\simple</Filter>
    </ClCompile>
    <ClCompile Include="FirstMissingPositive.cpp">
      <Filter>源文件\TOP150\difficult</Filter>
    </ClCompile>
    <ClCompile Include="TreeDepth.cpp">
      <Filter>源文件\sword_refer_to_offer\simple</Filter>
    </ClCompile>
    <ClCompile Include="BalancedTree.cpp">
      <Filter>源文件\sword_refer_to_offer\simple</Filter>
    </ClCompile>
    <ClCompile Include="RainTrap.cpp">
      <Filter>源文件\TOP150\difficult</Filter>
    </ClCompile>
    <ClCompile Include="MiddleTravel.cpp">
      <Filter>源文件\TOP150\simple</Filter>
    </ClCompile>
    <ClCompile Include="RotateMatrix.cpp">
      <Filter>源文件\TOP150\middle</Filter>
    </ClCompile>
    <ClCompile Include="GroupWords.cpp">
      <Filter>源文件\TOP150\middle</Filter>
    </ClCompile>
    <ClCompile Include="MyPow.cpp">
      <Filter>源文件\TOP150\middle</Filter>
    </ClCompile>
    <ClCompile Include="SpecialSum.cpp">
      <Filter>源文件\sword_refer_to_offer\middle</Filter>
    </ClCompile>
    <ClCompile Include="CommonAncestorTwo.cpp">
      <Filter>源文件\sword_refer_to_offer\simple</Filter>
    </ClCompile>
    <ClCompile Include="CommonAnscent.cpp">
      <Filter>源文件\sword_refer_to_offer\middle</Filter>
    </ClCompile>
    <ClCompile Include="MyAdd.cpp">
      <Filter>源文件\sword_refer_to_offer\simple</Filter>
    </ClCompile>
    <ClCompile Include="OneNumber.cpp">
      <Filter>源文件\sword_refer_to_offer\simple</Filter>
    </ClCompile>
    <ClCompile Include="RebuildTree.cpp">
      <Filter>源文件\sword_refer_to_offer\middle</Filter>
    </ClCompile>
    <ClCompile Include="MoreNumber.cpp">
      <Filter>源文件\sword_refer_to_offer\simple</Filter>
    </ClCompile>
    <ClCompile Include="ConstructArr.cpp">
      <Filter>源文件\sword_refer_to_offer\middle</Filter>
    </ClCompile>
    <ClCompile Include="MyPow2.cpp">
      <Filter>源文件\sword_refer_to_offer\middle</Filter>
    </ClCompile>
    <ClCompile Include="SingleNumberTwo.cpp">
      <Filter>源文件\sword_refer_to_offer\middle</Filter>
    </ClCompile>
    <ClCompile Include="SingleNumberThree.cpp">
      <Filter>源文件\sword_refer_to_offer\middle</Filter>
    </ClCompile>
    <ClCompile Include="VerifyPostOrder.cpp">
      <Filter>源文件\sword_refer_to_offer\middle</Filter>
    </ClCompile>
    <ClCompile Include="CanJump.cpp">
      <Filter>源文件\sword_refer_to_offer\middle</Filter>
    </ClCompile>
    <ClCompile Include="CutingRope.cpp">
      <Filter>源文件\sword_refer_to_offer\middle</Filter>
    </ClCompile>
    <ClCompile Include="LastRemaining.cpp">
      <Filter>源文件\sword_refer_to_offer\simple</Filter>
    </ClCompile>
    <ClCompile Include="ContinueSequence.cpp">
      <Filter>源文件\sword_refer_to_offer\simple</Filter>
    </ClCompile>
    <ClCompile Include="SpiralOrderTwo.cpp">
      <Filter>源文件\sword_refer_to_offer\simple</Filter>
    </ClCompile>
    <ClCompile Include="ValidateStackSequence.cpp">
      <Filter>源文件\sword_refer_to_offer\middle</Filter>
    </ClCompile>
    <ClCompile Include="MergeVector.cpp">
      <Filter>源文件\TOP150\middle</Filter>
    </ClCompile>
    <ClCompile Include="SetZeros.cpp">
      <Filter>源文件\TOP150\middle</Filter>
    </ClCompile>
    <ClCompile Include="ValidBST.cpp">
      <Filter>源文件\TOP150\middle</Filter>
    </ClCompile>
    <ClCompile Include="ExistWords.cpp">
      <Filter>源文件\TOP150\middle</Filter>
    </ClCompile>
    <ClCompile Include="IsASymmetric.cpp">
      <Filter>源文件\TOP150\middle</Filter>
    </ClCompile>
    <ClCompile Include="IsNumber.cpp">
      <Filter>源文件\TOP150\middle</Filter>
    </ClCompile>
    <ClCompile Include="StrToInt.cpp">
      <Filter>源文件\TOP150\middle</Filter>
    </ClCompile>
  </ItemGroup>
</Project>